// !$*UTF8*$!
{
	archiveVersion = 1;
	classes = {
	};
	objectVersion = 50;
	objects = {

/* Begin PBXBuildFile section */
		EF83ACE9213A72EA00648DE0 /* AppDelegate.swift in Sources */ = {isa = PBXBuildFile; fileRef = EF83ACE8213A72EA00648DE0 /* AppDelegate.swift */; };
		EF83ACEB213A72EA00648DE0 /* ViewController.swift in Sources */ = {isa = PBXBuildFile; fileRef = EF83ACEA213A72EA00648DE0 /* ViewController.swift */; };
		EF83ACEE213A72EA00648DE0 /* Main.storyboard in Resources */ = {isa = PBXBuildFile; fileRef = EF83ACEC213A72EA00648DE0 /* Main.storyboard */; };
		EF83ACF0213A72EC00648DE0 /* Assets.xcassets in Resources */ = {isa = PBXBuildFile; fileRef = EF83ACEF213A72EC00648DE0 /* Assets.xcassets */; };
		EF83ACF3213A72EC00648DE0 /* LaunchScreen.storyboard in Resources */ = {isa = PBXBuildFile; fileRef = EF83ACF1213A72EC00648DE0 /* LaunchScreen.storyboard */; };
		EF83ACFE213A72EC00648DE0 /* Hi_WOLDTests.swift in Sources */ = {isa = PBXBuildFile; fileRef = EF83ACFD213A72EC00648DE0 /* Hi_WOLDTests.swift */; };
		EF83AD09213A72EC00648DE0 /* Hi_WOLDUITests.swift in Sources */ = {isa = PBXBuildFile; fileRef = EF83AD08213A72EC00648DE0 /* Hi_WOLDUITests.swift */; };
/* End PBXBuildFile section */

/* Begin PBXContainerItemProxy section */
		EF83ACFA213A72EC00648DE0 /* PBXContainerItemProxy */ = {
			isa = PBXContainerItemProxy;
			containerPortal = EF83ACDD213A72EA00648DE0 /* Project object */;
			proxyType = 1;
			remoteGlobalIDString = EF83ACE4213A72EA00648DE0;
			remoteInfo = "Hi WOLD";
		};
		EF83AD05213A72EC00648DE0 /* PBXContainerItemProxy */ = {
			isa = PBXContainerItemProxy;
			containerPortal = EF83ACDD213A72EA00648DE0 /* Project object */;
			proxyType = 1;
			remoteGlobalIDString = EF83ACE4213A72EA00648DE0;
			remoteInfo = "Hi WOLD";
		};
/* End PBXContainerItemProxy section */

/* Begin PBXFileReference section */
		EF83ACE5213A72EA00648DE0 /* Hi WOLD.app */ = {isa = PBXFileReference; explicitFileType = wrapper.application; includeInIndex = 0; path = "Hi WOLD.app"; sourceTree = BUILT_PRODUCTS_DIR; };
		EF83ACE8213A72EA00648DE0 /* AppDelegate.swift */ = {isa = PBXFileReference; lastKnownFileType = sourcecode.swift; path = AppDelegate.swift; sourceTree = "<group>"; };
		EF83ACEA213A72EA00648DE0 /* ViewController.swift */ = {isa = PBXFileReference; lastKnownFileType = sourcecode.swift; path = ViewController.swift; sourceTree = "<group>"; };
		EF83ACED213A72EA00648DE0 /* Base */ = {isa = PBXFileReference; lastKnownFileType = file.storyboard; name = Base; path = Base.lproj/Main.storyboard; sourceTree = "<group>"; };
		EF83ACEF213A72EC00648DE0 /* Assets.xcassets */ = {isa = PBXFileReference; lastKnownFileType = folder.assetcatalog; path = Assets.xcassets; sourceTree = "<group>"; };
		EF83ACF2213A72EC00648DE0 /* Base */ = {isa = PBXFileReference; lastKnownFileType = file.storyboard; name = Base; path = Base.lproj/LaunchScreen.storyboard; sourceTree = "<group>"; };
		EF83ACF4213A72EC00648DE0 /* Info.plist */ = {isa = PBXFileReference; lastKnownFileType = text.plist.xml; path = Info.plist; sourceTree = "<group>"; };
		EF83ACF9213A72EC00648DE0 /* Hi WOLDTests.xctest */ = {isa = PBXFileReference; explicitFileType = wrapper.cfbundle; includeInIndex = 0; path = "Hi WOLDTests.xctest"; sourceTree = BUILT_PRODUCTS_DIR; };
		EF83ACFD213A72EC00648DE0 /* Hi_WOLDTests.swift */ = {isa = PBXFileReference; lastKnownFileType = sourcecode.swift; path = Hi_WOLDTests.swift; sourceTree = "<group>"; };
		EF83ACFF213A72EC00648DE0 /* Info.plist */ = {isa = PBXFileReference; lastKnownFileType = text.plist.xml; path = Info.plist; sourceTree = "<group>"; };
		EF83AD04213A72EC00648DE0 /* Hi WOLDUITests.xctest */ = {isa = PBXFileReference; explicitFileType = wrapper.cfbundle; includeInIndex = 0; path = "Hi WOLDUITests.xctest"; sourceTree = BUILT_PRODUCTS_DIR; };
		EF83AD08213A72EC00648DE0 /* Hi_WOLDUITests.swift */ = {isa = PBXFileReference; lastKnownFileType = sourcecode.swift; path = Hi_WOLDUITests.swift; sourceTree = "<group>"; };
		EF83AD0A213A72EC00648DE0 /* Info.plist */ = {isa = PBXFileReference; lastKnownFileType = text.plist.xml; path = Info.plist; sourceTree = "<group>"; };
/* End PBXFileReference section */

/* Begin PBXFrameworksBuildPhase section */
		EF83ACE2213A72EA00648DE0 /* Frameworks */ = {
			isa = PBXFrameworksBuildPhase;
			buildActionMask = 2147483647;
			files = (
			);
			runOnlyForDeploymentPostprocessing = 0;
		};
		EF83ACF6213A72EC00648DE0 /* Frameworks */ = {
			isa = PBXFrameworksBuildPhase;
			buildActionMask = 2147483647;
			files = (
			);
			runOnlyForDeploymentPostprocessing = 0;
		};
		EF83AD01213A72EC00648DE0 /* Frameworks */ = {
			isa = PBXFrameworksBuildPhase;
			buildActionMask = 2147483647;
			files = (
			);
			runOnlyForDeploymentPostprocessing = 0;
		};
/* End PBXFrameworksBuildPhase section */

/* Begin PBXGroup section */
		EF83ACDC213A72EA00648DE0 = {
			isa = PBXGroup;
			children = (
				EF83ACE7213A72EA00648DE0 /* Hi WOLD */,
				EF83ACFC213A72EC00648DE0 /* Hi WOLDTests */,
				EF83AD07213A72EC00648DE0 /* Hi WOLDUITests */,
				EF83ACE6213A72EA00648DE0 /* Products */,
			);
			sourceTree = "<group>";
		};
		EF83ACE6213A72EA00648DE0 /* Products */ = {
			isa = PBXGroup;
			children = (
				EF83ACE5213A72EA00648DE0 /* Hi WOLD.app */,
				EF83ACF9213A72EC00648DE0 /* Hi WOLDTests.xctest */,
				EF83AD04213A72EC00648DE0 /* Hi WOLDUITests.xctest */,
			);
			name = Products;
			sourceTree = "<group>";
		};
		EF83ACE7213A72EA00648DE0 /* Hi WOLD */ = {
			isa = PBXGroup;
			children = (
				EF83ACE8213A72EA00648DE0 /* AppDelegate.swift */,
				EF83ACEA213A72EA00648DE0 /* ViewController.swift */,
				EF83ACEC213A72EA00648DE0 /* Main.storyboard */,
				EF83ACEF213A72EC00648DE0 /* Assets.xcassets */,
				EF83ACF1213A72EC00648DE0 /* LaunchScreen.storyboard */,
				EF83ACF4213A72EC00648DE0 /* Info.plist */,
			);
			path = "Hi WOLD";
			sourceTree = "<group>";
		};
		EF83ACFC213A72EC00648DE0 /* Hi WOLDTests */ = {
			isa = PBXGroup;
			children = (
				EF83ACFD213A72EC00648DE0 /* Hi_WOLDTests.swift */,
				EF83ACFF213A72EC00648DE0 /* Info.plist */,
			);
			path = "Hi WOLDTests";
			sourceTree = "<group>";
		};
		EF83AD07213A72EC00648DE0 /* Hi WOLDUITests */ = {
			isa = PBXGroup;
			children = (
				EF83AD08213A72EC00648DE0 /* Hi_WOLDUITests.swift */,
				EF83AD0A213A72EC00648DE0 /* Info.plist */,
			);
			path = "Hi WOLDUITests";
			sourceTree = "<group>";
		};
/* End PBXGroup section */

/* Begin PBXNativeTarget section */
		EF83ACE4213A72EA00648DE0 /* Hi WOLD */ = {
			isa = PBXNativeTarget;
			buildConfigurationList = EF83AD0D213A72EC00648DE0 /* Build configuration list for PBXNativeTarget "Hi WOLD" */;
			buildPhases = (
				EF83ACE1213A72EA00648DE0 /* Sources */,
				EF83ACE2213A72EA00648DE0 /* Frameworks */,
				EF83ACE3213A72EA00648DE0 /* Resources */,
			);
			buildRules = (
			);
			dependencies = (
			);
			name = "Hi WOLD";
			productName = "Hi WOLD";
			productReference = EF83ACE5213A72EA00648DE0 /* Hi WOLD.app */;
			productType = "com.apple.product-type.application";
		};
		EF83ACF8213A72EC00648DE0 /* Hi WOLDTests */ = {
			isa = PBXNativeTarget;
			buildConfigurationList = EF83AD10213A72EC00648DE0 /* Build configuration list for PBXNativeTarget "Hi WOLDTests" */;
			buildPhases = (
				EF83ACF5213A72EC00648DE0 /* Sources */,
				EF83ACF6213A72EC00648DE0 /* Frameworks */,
				EF83ACF7213A72EC00648DE0 /* Resources */,
			);
			buildRules = (
			);
			dependencies = (
				EF83ACFB213A72EC00648DE0 /* PBXTargetDependency */,
			);
			name = "Hi WOLDTests";
			productName = "Hi WOLDTests";
			productReference = EF83ACF9213A72EC00648DE0 /* Hi WOLDTests.xctest */;
			productType = "com.apple.product-type.bundle.unit-test";
		};
		EF83AD03213A72EC00648DE0 /* Hi WOLDUITests */ = {
			isa = PBXNativeTarget;
			buildConfigurationList = EF83AD13213A72EC00648DE0 /* Build configuration list for PBXNativeTarget "Hi WOLDUITests" */;
			buildPhases = (
				EF83AD00213A72EC00648DE0 /* Sources */,
				EF83AD01213A72EC00648DE0 /* Frameworks */,
				EF83AD02213A72EC00648DE0 /* Resources */,
			);
			buildRules = (
			);
			dependencies = (
				EF83AD06213A72EC00648DE0 /* PBXTargetDependency */,
			);
			name = "Hi WOLDUITests";
			productName = "Hi WOLDUITests";
			productReference = EF83AD04213A72EC00648DE0 /* Hi WOLDUITests.xctest */;
			productType = "com.apple.product-type.bundle.ui-testing";
		};
/* End PBXNativeTarget section */

/* Begin PBXProject section */
		EF83ACDD213A72EA00648DE0 /* Project object */ = {
			isa = PBXProject;
			attributes = {
				LastSwiftUpdateCheck = 0940;
				LastUpgradeCheck = 0940;
				ORGANIZATIONNAME = "tatsuo sugimoto";
				TargetAttributes = {
					EF83ACE4213A72EA00648DE0 = {
						CreatedOnToolsVersion = 9.4.1;
					};
					EF83ACF8213A72EC00648DE0 = {
						CreatedOnToolsVersion = 9.4.1;
						TestTargetID = EF83ACE4213A72EA00648DE0;
					};
					EF83AD03213A72EC00648DE0 = {
						CreatedOnToolsVersion = 9.4.1;
						TestTargetID = EF83ACE4213A72EA00648DE0;
					};
				};
			};
			buildConfigurationList = EF83ACE0213A72EA00648DE0 /* Build configuration list for PBXProject "Hi WOLD" */;
			compatibilityVersion = "Xcode 9.3";
			developmentRegion = en;
			hasScannedForEncodings = 0;
			knownRegions = (
				en,
				Base,
			);
			mainGroup = EF83ACDC213A72EA00648DE0;
			productRefGroup = EF83ACE6213A72EA00648DE0 /* Products */;
			projectDirPath = "";
			projectRoot = "";
			targets = (
				EF83ACE4213A72EA00648DE0 /* Hi WOLD */,
				EF83ACF8213A72EC00648DE0 /* Hi WOLDTests */,
				EF83AD03213A72EC00648DE0 /* Hi WOLDUITests */,
			);
		};
/* End PBXProject section */

/* Begin PBXResourcesBuildPhase section */
		EF83ACE3213A72EA00648DE0 /* Resources */ = {
			isa = PBXResourcesBuildPhase;
			buildActionMask = 2147483647;
			files = (
				EF83ACF3213A72EC00648DE0 /* LaunchScreen.storyboard in Resources */,
				EF83ACF0213A72EC00648DE0 /* Assets.xcassets in Resources */,
				EF83ACEE213A72EA00648DE0 /* Main.storyboard in Resources */,
			);
			runOnlyForDeploymentPostprocessing = 0;
		};
		EF83ACF7213A72EC00648DE0 /* Resources */ = {
			isa = PBXResourcesBuildPhase;
			buildActionMask = 2147483647;
			files = (
			);
			runOnlyForDeploymentPostprocessing = 0;
		};
		EF83AD02213A72EC00648DE0 /* Resources */ = {
			isa = PBXResourcesBuildPhase;
			buildActionMask = 2147483647;
			files = (
			);
			runOnlyForDeploymentPostprocessing = 0;
		};
/* End PBXResourcesBuildPhase section */

/* Begin PBXSourcesBuildPhase section */
		EF83ACE1213A72EA00648DE0 /* Sources */ = {
			isa = PBXSourcesBuildPhase;
			buildActionMask = 2147483647;
			files = (
				EF83ACEB213A72EA00648DE0 /* ViewController.swift in Sources */,
				EF83ACE9213A72EA00648DE0 /* AppDelegate.swift in Sources */,
			);
			runOnlyForDeploymentPostprocessing = 0;
		};
		EF83ACF5213A72EC00648DE0 /* Sources */ = {
			isa = PBXSourcesBuildPhase;
			buildActionMask = 2147483647;
			files = (
				EF83ACFE213A72EC00648DE0 /* Hi_WOLDTests.swift in Sources */,
			);
			runOnlyForDeploymentPostprocessing = 0;
		};
		EF83AD00213A72EC00648DE0 /* Sources */ = {
			isa = PBXSourcesBuildPhase;
			buildActionMask = 2147483647;
			files = (
				EF83AD09213A72EC00648DE0 /* Hi_WOLDUITests.swift in Sources */,
			);
			runOnlyForDeploymentPostprocessing = 0;
		};
/* End PBXSourcesBuildPhase section */

/* Begin PBXTargetDependency section */
		EF83ACFB213A72EC00648DE0 /* PBXTargetDependency */ = {
			isa = PBXTargetDependency;
			target = EF83ACE4213A72EA00648DE0 /* Hi WOLD */;
			targetProxy = EF83ACFA213A72EC00648DE0 /* PBXContainerItemProxy */;
		};
		EF83AD06213A72EC00648DE0 /* PBXTargetDependency */ = {
			isa = PBXTargetDependency;
			target = EF83ACE4213A72EA00648DE0 /* Hi WOLD */;
			targetProxy = EF83AD05213A72EC00648DE0 /* PBXContainerItemProxy */;
		};
/* End PBXTargetDependency section */

/* Begin PBXVariantGroup section */
		EF83ACEC213A72EA00648DE0 /* Main.storyboard */ = {
			isa = PBXVariantGroup;
			children = (
				EF83ACED213A72EA00648DE0 /* Base */,
			);
			name = Main.storyboard;
			sourceTree = "<group>";
		};
		EF83ACF1213A72EC00648DE0 /* LaunchScreen.storyboard */ = {
			isa = PBXVariantGroup;
			children = (
				EF83ACF2213A72EC00648DE0 /* Base */,
			);
			name = LaunchScreen.storyboard;
			sourceTree = "<group>";
		};
/* End PBXVariantGroup section */

/* Begin XCBuildConfiguration section */
		EF83AD0B213A72EC00648DE0 /* Debug */ = {
			isa = XCBuildConfiguration;
			buildSettings = {
				ALWAYS_SEARCH_USER_PATHS = NO;
				CLANG_ANALYZER_NONNULL = YES;
				CLANG_ANALYZER_NUMBER_OBJECT_CONVERSION = YES_AGGRESSIVE;
				CLANG_CXX_LANGUAGE_STANDARD = "gnu++14";
				CLANG_CXX_LIBRARY = "libc++";
				CLANG_ENABLE_MODULES = YES;
				CLANG_ENABLE_OBJC_ARC = YES;
				CLANG_ENABLE_OBJC_WEAK = YES;
				CLANG_WARN_BLOCK_CAPTURE_AUTORELEASING = YES;
				CLANG_WARN_BOOL_CONVERSION = YES;
				CLANG_WARN_COMMA = YES;
				CLANG_WARN_CONSTANT_CONVERSION = YES;
				CLANG_WARN_DEPRECATED_OBJC_IMPLEMENTATIONS = YES;
				CLANG_WARN_DIRECT_OBJC_ISA_USAGE = YES_ERROR;
				CLANG_WARN_DOCUMENTATION_COMMENTS = YES;
				CLANG_WARN_EMPTY_BODY = YES;
				CLANG_WARN_ENUM_CONVERSION = YES;
				CLANG_WARN_INFINITE_RECURSION = YES;
				CLANG_WARN_INT_CONVERSION = YES;
				CLANG_WARN_NON_LITERAL_NULL_CONVERSION = YES;
				CLANG_WARN_OBJC_IMPLICIT_RETAIN_SELF = YES;
				CLANG_WARN_OBJC_LITERAL_CONVERSION = YES;
				CLANG_WARN_OBJC_ROOT_CLASS = YES_ERROR;
				CLANG_WARN_RANGE_LOOP_ANALYSIS = YES;
				CLANG_WARN_STRICT_PROTOTYPES = YES;
				CLANG_WARN_SUSPICIOUS_MOVE = YES;
				CLANG_WARN_UNGUARDED_AVAILABILITY = YES_AGGRESSIVE;
				CLANG_WARN_UNREACHABLE_CODE = YES;
				CLANG_WARN__DUPLICATE_METHOD_MATCH = YES;
				CODE_SIGN_IDENTITY = "iPhone Developer";
				COPY_PHASE_STRIP = NO;
				DEBUG_INFORMATION_FORMAT = dwarf;
				ENABLE_STRICT_OBJC_MSGSEND = YES;
				ENABLE_TESTABILITY = YES;
				GCC_C_LANGUAGE_STANDARD = gnu11;
				GCC_DYNAMIC_NO_PIC = NO;
				GCC_NO_COMMON_BLOCKS = YES;
				GCC_OPTIMIZATION_LEVEL = 0;
				GCC_PREPROCESSOR_DEFINITIONS = (
					"DEBUG=1",
					"$(inherited)",
				);
				GCC_WARN_64_TO_32_BIT_CONVERSION = YES;
				GCC_WARN_ABOUT_RETURN_TYPE = YES_ERROR;
				GCC_WARN_UNDECLARED_SELECTOR = YES;
				GCC_WARN_UNINITIALIZED_AUTOS = YES_AGGRESSIVE;
				GCC_WARN_UNUSED_FUNCTION = YES;
				GCC_WARN_UNUSED_VARIABLE = YES;
				IPHONEOS_DEPLOYMENT_TARGET = 11.4;
				MTL_ENABLE_DEBUG_INFO = YES;
				ONLY_ACTIVE_ARCH = YES;
				SDKROOT = iphoneos;
				SWIFT_ACTIVE_COMPILATION_CONDITIONS = DEBUG;
				SWIFT_OPTIMIZATION_LEVEL = "-Onone";
			};
			name = Debug;
		};
		EF83AD0C213A72EC00648DE0 /* Release */ = {
			isa = XCBuildConfiguration;
			buildSettings = {
				ALWAYS_SEARCH_USER_PATHS = NO;
				CLANG_ANALYZER_NONNULL = YES;
				CLANG_ANALYZER_NUMBER_OBJECT_CONVERSION = YES_AGGRESSIVE;
				CLANG_CXX_LANGUAGE_STANDARD = "gnu++14";
				CLANG_CXX_LIBRARY = "libc++";
				CLANG_ENABLE_MODULES = YES;
				CLANG_ENABLE_OBJC_ARC = YES;
				CLANG_ENABLE_OBJC_WEAK = YES;
				CLANG_WARN_BLOCK_CAPTURE_AUTORELEASING = YES;
				CLANG_WARN_BOOL_CONVERSION = YES;
				CLANG_WARN_COMMA = YES;
				CLANG_WARN_CONSTANT_CONVERSION = YES;
				CLANG_WARN_DEPRECATED_OBJC_IMPLEMENTATIONS = YES;
				CLANG_WARN_DIRECT_OBJC_ISA_USAGE = YES_ERROR;
				CLANG_WARN_DOCUMENTATION_COMMENTS = YES;
				CLANG_WARN_EMPTY_BODY = YES;
				CLANG_WARN_ENUM_CONVERSION = YES;
				CLANG_WARN_INFINITE_RECURSION = YES;
				CLANG_WARN_INT_CONVERSION = YES;
				CLANG_WARN_NON_LITERAL_NULL_CONVERSION = YES;
				CLANG_WARN_OBJC_IMPLICIT_RETAIN_SELF = YES;
				CLANG_WARN_OBJC_LITERAL_CONVERSION = YES;
				CLANG_WARN_OBJC_ROOT_CLASS = YES_ERROR;
				CLANG_WARN_RANGE_LOOP_ANALYSIS = YES;
				CLANG_WARN_STRICT_PROTOTYPES = YES;
				CLANG_WARN_SUSPICIOUS_MOVE = YES;
				CLANG_WARN_UNGUARDED_AVAILABILITY = YES_AGGRESSIVE;
				CLANG_WARN_UNREACHABLE_CODE = YES;
				CLANG_WARN__DUPLICATE_METHOD_MATCH = YES;
				CODE_SIGN_IDENTITY = "iPhone Developer";
				COPY_PHASE_STRIP = NO;
				DEBUG_INFORMATION_FORMAT = "dwarf-with-dsym";
				ENABLE_NS_ASSERTIONS = NO;
				ENABLE_STRICT_OBJC_MSGSEND = YES;
				GCC_C_LANGUAGE_STANDARD = gnu11;
				GCC_NO_COMMON_BLOCKS = YES;
				GCC_WARN_64_TO_32_BIT_CONVERSION = YES;
				GCC_WARN_ABOUT_RETURN_TYPE = YES_ERROR;
				GCC_WARN_UNDECLARED_SELECTOR = YES;
				GCC_WARN_UNINITIALIZED_AUTOS = YES_AGGRESSIVE;
				GCC_WARN_UNUSED_FUNCTION = YES;
				GCC_WARN_UNUSED_VARIABLE = YES;
				IPHONEOS_DEPLOYMENT_TARGET = 11.4;
				MTL_ENABLE_DEBUG_INFO = NO;
				SDKROOT = iphoneos;
				SWIFT_COMPILATION_MODE = wholemodule;
				SWIFT_OPTIMIZATION_LEVEL = "-O";
				VALIDATE_PRODUCT = YES;
			};
			name = Release;
		};
		EF83AD0E213A72EC00648DE0 /* Debug */ = {
			isa = XCBuildConfiguration;
			buildSettings = {
				ASSETCATALOG_COMPILER_APPICON_NAME = AppIcon;
				CODE_SIGN_STYLE = Automatic;
				DEVELOPMENT_TEAM = C2DJ792M98;
				INFOPLIST_FILE = "Hi WOLD/Info.plist";
				LD_RUNPATH_SEARCH_PATHS = (
					"$(inherited)",
					"@executable_path/Frameworks",
				);
				PRODUCT_BUNDLE_IDENTIFIER = "jp.techacademy.tatsuo.sugimoto.Hi-WOLD";
				PRODUCT_NAME = "$(TARGET_NAME)";
				SWIFT_VERSION = 4.0;
				TARGETED_DEVICE_FAMILY = "1,2";
			};
			name = Debug;
		};
		EF83AD0F213A72EC00648DE0 /* Release */ = {
			isa = XCBuildConfiguration;
			buildSettings = {
				ASSETCATALOG_COMPILER_APPICON_NAME = AppIcon;
				CODE_SIGN_STYLE = Automatic;
				DEVELOPMENT_TEAM = C2DJ792M98;
				INFOPLIST_FILE = "Hi WOLD/Info.plist";
				LD_RUNPATH_SEARCH_PATHS = (
					"$(inherited)",
					"@executable_path/Frameworks",
				);
				PRODUCT_BUNDLE_IDENTIFIER = "jp.techacademy.tatsuo.sugimoto.Hi-WOLD";
				PRODUCT_NAME = "$(TARGET_NAME)";
				SWIFT_VERSION = 4.0;
				TARGETED_DEVICE_FAMILY = "1,2";
			};
			name = Release;
		};
		EF83AD11213A72EC00648DE0 /* Debug */ = {
			isa = XCBuildConfiguration;
			buildSettings = {
				ALWAYS_EMBED_SWIFT_STANDARD_LIBRARIES = YES;
				BUNDLE_LOADER = "$(TEST_HOST)";
				CODE_SIGN_STYLE = Automatic;
				INFOPLIST_FILE = "Hi WOLDTests/Info.plist";
				LD_RUNPATH_SEARCH_PATHS = (
					"$(inherited)",
					"@executable_path/Frameworks",
					"@loader_path/Frameworks",
				);
				PRODUCT_BUNDLE_IDENTIFIER = "jp.techacademy.tatsuo.sugimoto.Hi-WOLDTests";
				PRODUCT_NAME = "$(TARGET_NAME)";
				SWIFT_VERSION = 4.0;
				TARGETED_DEVICE_FAMILY = "1,2";
				TEST_HOST = "$(BUILT_PRODUCTS_DIR)/Hi WOLD.app/Hi WOLD";
			};
			name = Debug;
		};
		EF83AD12213A72EC00648DE0 /* Release */ = {
			isa = XCBuildConfiguration;
			buildSettings = {
				ALWAYS_EMBED_SWIFT_STANDARD_LIBRARIES = YES;
				BUNDLE_LOADER = "$(TEST_HOST)";
				CODE_SIGN_STYLE = Automatic;
				INFOPLIST_FILE = "Hi WOLDTests/Info.plist";
				LD_RUNPATH_SEARCH_PATHS = (
					"$(inherited)",
					"@executable_path/Frameworks",
					"@loader_path/Frameworks",
				);
				PRODUCT_BUNDLE_IDENTIFIER = "jp.techacademy.tatsuo.sugimoto.Hi-WOLDTests";
				PRODUCT_NAME = "$(TARGET_NAME)";
				SWIFT_VERSION = 4.0;
				TARGETED_DEVICE_FAMILY = "1,2";
				TEST_HOST = "$(BUILT_PRODUCTS_DIR)/Hi WOLD.app/Hi WOLD";
			};
			name = Release;
		};
		EF83AD14213A72EC00648DE0 /* Debug */ = {
			isa = XCBuildConfiguration;
			buildSettings = {
				ALWAYS_EMBED_SWIFT_STANDARD_LIBRARIES = YES;
				CODE_SIGN_STYLE = Automatic;
				INFOPLIST_FILE = "Hi WOLDUITests/Info.plist";
				LD_RUNPATH_SEARCH_PATHS = (
					"$(inherited)",
					"@executable_path/Frameworks",
					"@loader_path/Frameworks",
				);
				PRODUCT_BUNDLE_IDENTIFIER = "jp.techacademy.tatsuo.sugimoto.Hi-WOLDUITests";
				PRODUCT_NAME = "$(TARGET_NAME)";
				SWIFT_VERSION = 4.0;
				TARGETED_DEVICE_FAMILY = "1,2";
				TEST_TARGET_NAME = "Hi WOLD";
			};
			name = Debug;
		};
		EF83AD15213A72EC00648DE0 /* Release */ = {
			isa = XCBuildConfiguration;
			buildSettings = {
				ALWAYS_EMBED_SWIFT_STANDARD_LIBRARIES = YES;
				CODE_SIGN_STYLE = Automatic;
				INFOPLIST_FILE = "Hi WOLDUITests/Info.plist";
				LD_RUNPATH_SEARCH_PATHS = (
					"$(inherited)",
					"@executable_path/Frameworks",
					"@loader_path/Frameworks",
				);
				PRODUCT_BUNDLE_IDENTIFIER = "jp.techacademy.tatsuo.sugimoto.Hi-WOLDUITests";
				PRODUCT_NAME = "$(TARGET_NAME)";
				SWIFT_VERSION = 4.0;
				TARGETED_DEVICE_FAMILY = "1,2";
				TEST_TARGET_NAME = "Hi WOLD";
			};
			name = Release;
		};
/* End XCBuildConfiguration section */

/* Begin XCConfigurationList section */
		EF83ACE0213A72EA00648DE0 /* Build configuration list for PBXProject "Hi WOLD" */ = {
			isa = XCConfigurationList;
			buildConfigurations = (
				EF83AD0B213A72EC00648DE0 /* Debug */,
				EF83AD0C213A72EC00648DE0 /* Release */,
			);
			defaultConfigurationIsVisible = 0;
			defaultConfigurationName = Release;
		};
		EF83AD0D213A72EC00648DE0 /* Build configuration list for PBXNativeTarget "Hi WOLD" */ = {
			isa = XCConfigurationList;
			buildConfigurations = (
				EF83AD0E213A72EC00648DE0 /* Debug */,
				EF83AD0F213A72EC00648DE0 /* Release */,
			);
			defaultConfigurationIsVisible = 0;
			defaultConfigurationName = Release;
		};
		EF83AD10213A72EC00648DE0 /* Build configuration list for PBXNativeTarget "Hi WOLDTests" */ = {
			isa = XCConfigurationList;
			buildConfigurations = (
				EF83AD11213A72EC00648DE0 /* Debug */,
				EF83AD12213A72EC00648DE0 /* Release */,
			);
			defaultConfigurationIsVisible = 0;
			defaultConfigurationName = Release;
		};
		EF83AD13213A72EC00648DE0 /* Build configuration list for PBXNativeTarget "Hi WOLDUITests" */ = {
			isa = XCConfigurationList;
			buildConfigurations = (
				EF83AD14213A72EC00648DE0 /* Debug */,
				EF83AD15213A72EC00648DE0 /* Release */,
			);
			defaultConfigurationIsVisible = 0;
			defaultConfigurationName = Release;
		};
/* End XCConfigurationList section */
	};
	rootObject = EF83ACDD213A72EA00648DE0 /* Project object */;
}
