// !$*UTF8*$!
{
	archiveVersion = 1;
	classes = {
	};
	objectVersion = 50;
	objects = {

/* Begin PBXBuildFile section */
		EFA8BB88213BC3E200ED6B59 /* AppDelegate.swift in Sources */ = {isa = PBXBuildFile; fileRef = EFA8BB87213BC3E200ED6B59 /* AppDelegate.swift */; };
		EFA8BB8A213BC3E200ED6B59 /* ViewController.swift in Sources */ = {isa = PBXBuildFile; fileRef = EFA8BB89213BC3E200ED6B59 /* ViewController.swift */; };
		EFA8BB8D213BC3E200ED6B59 /* Main.storyboard in Resources */ = {isa = PBXBuildFile; fileRef = EFA8BB8B213BC3E200ED6B59 /* Main.storyboard */; };
		EFA8BB8F213BC3E400ED6B59 /* Assets.xcassets in Resources */ = {isa = PBXBuildFile; fileRef = EFA8BB8E213BC3E400ED6B59 /* Assets.xcassets */; };
		EFA8BB92213BC3E400ED6B59 /* LaunchScreen.storyboard in Resources */ = {isa = PBXBuildFile; fileRef = EFA8BB90213BC3E400ED6B59 /* LaunchScreen.storyboard */; };
		EFA8BB9D213BC3E400ED6B59 /* Hi_WorldTests.swift in Sources */ = {isa = PBXBuildFile; fileRef = EFA8BB9C213BC3E400ED6B59 /* Hi_WorldTests.swift */; };
		EFA8BBA8213BC3E400ED6B59 /* Hi_WorldUITests.swift in Sources */ = {isa = PBXBuildFile; fileRef = EFA8BBA7213BC3E400ED6B59 /* Hi_WorldUITests.swift */; };
/* End PBXBuildFile section */

/* Begin PBXContainerItemProxy section */
		EFA8BB99213BC3E400ED6B59 /* PBXContainerItemProxy */ = {
			isa = PBXContainerItemProxy;
			containerPortal = EFA8BB7C213BC3E200ED6B59 /* Project object */;
			proxyType = 1;
			remoteGlobalIDString = EFA8BB83213BC3E200ED6B59;
			remoteInfo = "Hi World";
		};
		EFA8BBA4213BC3E400ED6B59 /* PBXContainerItemProxy */ = {
			isa = PBXContainerItemProxy;
			containerPortal = EFA8BB7C213BC3E200ED6B59 /* Project object */;
			proxyType = 1;
			remoteGlobalIDString = EFA8BB83213BC3E200ED6B59;
			remoteInfo = "Hi World";
		};
/* End PBXContainerItemProxy section */

/* Begin PBXFileReference section */
		EFA8BB84213BC3E200ED6B59 /* Hi World.app */ = {isa = PBXFileReference; explicitFileType = wrapper.application; includeInIndex = 0; path = "Hi World.app"; sourceTree = BUILT_PRODUCTS_DIR; };
		EFA8BB87213BC3E200ED6B59 /* AppDelegate.swift */ = {isa = PBXFileReference; lastKnownFileType = sourcecode.swift; path = AppDelegate.swift; sourceTree = "<group>"; };
		EFA8BB89213BC3E200ED6B59 /* ViewController.swift */ = {isa = PBXFileReference; lastKnownFileType = sourcecode.swift; path = ViewController.swift; sourceTree = "<group>"; };
		EFA8BB8C213BC3E200ED6B59 /* Base */ = {isa = PBXFileReference; lastKnownFileType = file.storyboard; name = Base; path = Base.lproj/Main.storyboard; sourceTree = "<group>"; };
		EFA8BB8E213BC3E400ED6B59 /* Assets.xcassets */ = {isa = PBXFileReference; lastKnownFileType = folder.assetcatalog; path = Assets.xcassets; sourceTree = "<group>"; };
		EFA8BB91213BC3E400ED6B59 /* Base */ = {isa = PBXFileReference; lastKnownFileType = file.storyboard; name = Base; path = Base.lproj/LaunchScreen.storyboard; sourceTree = "<group>"; };
		EFA8BB93213BC3E400ED6B59 /* Info.plist */ = {isa = PBXFileReference; lastKnownFileType = text.plist.xml; path = Info.plist; sourceTree = "<group>"; };
		EFA8BB98213BC3E400ED6B59 /* Hi WorldTests.xctest */ = {isa = PBXFileReference; explicitFileType = wrapper.cfbundle; includeInIndex = 0; path = "Hi WorldTests.xctest"; sourceTree = BUILT_PRODUCTS_DIR; };
		EFA8BB9C213BC3E400ED6B59 /* Hi_WorldTests.swift */ = {isa = PBXFileReference; lastKnownFileType = sourcecode.swift; path = Hi_WorldTests.swift; sourceTree = "<group>"; };
		EFA8BB9E213BC3E400ED6B59 /* Info.plist */ = {isa = PBXFileReference; lastKnownFileType = text.plist.xml; path = Info.plist; sourceTree = "<group>"; };
		EFA8BBA3213BC3E400ED6B59 /* Hi WorldUITests.xctest */ = {isa = PBXFileReference; explicitFileType = wrapper.cfbundle; includeInIndex = 0; path = "Hi WorldUITests.xctest"; sourceTree = BUILT_PRODUCTS_DIR; };
		EFA8BBA7213BC3E400ED6B59 /* Hi_WorldUITests.swift */ = {isa = PBXFileReference; lastKnownFileType = sourcecode.swift; path = Hi_WorldUITests.swift; sourceTree = "<group>"; };
		EFA8BBA9213BC3E400ED6B59 /* Info.plist */ = {isa = PBXFileReference; lastKnownFileType = text.plist.xml; path = Info.plist; sourceTree = "<group>"; };
/* End PBXFileReference section */

/* Begin PBXFrameworksBuildPhase section */
		EFA8BB81213BC3E200ED6B59 /* Frameworks */ = {
			isa = PBXFrameworksBuildPhase;
			buildActionMask = 2147483647;
			files = (
			);
			runOnlyForDeploymentPostprocessing = 0;
		};
		EFA8BB95213BC3E400ED6B59 /* Frameworks */ = {
			isa = PBXFrameworksBuildPhase;
			buildActionMask = 2147483647;
			files = (
			);
			runOnlyForDeploymentPostprocessing = 0;
		};
		EFA8BBA0213BC3E400ED6B59 /* Frameworks */ = {
			isa = PBXFrameworksBuildPhase;
			buildActionMask = 2147483647;
			files = (
			);
			runOnlyForDeploymentPostprocessing = 0;
		};
/* End PBXFrameworksBuildPhase section */

/* Begin PBXGroup section */
		EFA8BB7B213BC3E200ED6B59 = {
			isa = PBXGroup;
			children = (
				EFA8BB86213BC3E200ED6B59 /* Hi World */,
				EFA8BB9B213BC3E400ED6B59 /* Hi WorldTests */,
				EFA8BBA6213BC3E400ED6B59 /* Hi WorldUITests */,
				EFA8BB85213BC3E200ED6B59 /* Products */,
			);
			sourceTree = "<group>";
		};
		EFA8BB85213BC3E200ED6B59 /* Products */ = {
			isa = PBXGroup;
			children = (
				EFA8BB84213BC3E200ED6B59 /* Hi World.app */,
				EFA8BB98213BC3E400ED6B59 /* Hi WorldTests.xctest */,
				EFA8BBA3213BC3E400ED6B59 /* Hi WorldUITests.xctest */,
			);
			name = Products;
			sourceTree = "<group>";
		};
		EFA8BB86213BC3E200ED6B59 /* Hi World */ = {
			isa = PBXGroup;
			children = (
				EFA8BB87213BC3E200ED6B59 /* AppDelegate.swift */,
				EFA8BB89213BC3E200ED6B59 /* ViewController.swift */,
				EFA8BB8B213BC3E200ED6B59 /* Main.storyboard */,
				EFA8BB8E213BC3E400ED6B59 /* Assets.xcassets */,
				EFA8BB90213BC3E400ED6B59 /* LaunchScreen.storyboard */,
				EFA8BB93213BC3E400ED6B59 /* Info.plist */,
			);
			path = "Hi World";
			sourceTree = "<group>";
		};
		EFA8BB9B213BC3E400ED6B59 /* Hi WorldTests */ = {
			isa = PBXGroup;
			children = (
				EFA8BB9C213BC3E400ED6B59 /* Hi_WorldTests.swift */,
				EFA8BB9E213BC3E400ED6B59 /* Info.plist */,
			);
			path = "Hi WorldTests";
			sourceTree = "<group>";
		};
		EFA8BBA6213BC3E400ED6B59 /* Hi WorldUITests */ = {
			isa = PBXGroup;
			children = (
				EFA8BBA7213BC3E400ED6B59 /* Hi_WorldUITests.swift */,
				EFA8BBA9213BC3E400ED6B59 /* Info.plist */,
			);
			path = "Hi WorldUITests";
			sourceTree = "<group>";
		};
/* End PBXGroup section */

/* Begin PBXNativeTarget section */
		EFA8BB83213BC3E200ED6B59 /* Hi World */ = {
			isa = PBXNativeTarget;
			buildConfigurationList = EFA8BBAC213BC3E400ED6B59 /* Build configuration list for PBXNativeTarget "Hi World" */;
			buildPhases = (
				EFA8BB80213BC3E200ED6B59 /* Sources */,
				EFA8BB81213BC3E200ED6B59 /* Frameworks */,
				EFA8BB82213BC3E200ED6B59 /* Resources */,
			);
			buildRules = (
			);
			dependencies = (
			);
			name = "Hi World";
			productName = "Hi World";
			productReference = EFA8BB84213BC3E200ED6B59 /* Hi World.app */;
			productType = "com.apple.product-type.application";
		};
		EFA8BB97213BC3E400ED6B59 /* Hi WorldTests */ = {
			isa = PBXNativeTarget;
			buildConfigurationList = EFA8BBAF213BC3E400ED6B59 /* Build configuration list for PBXNativeTarget "Hi WorldTests" */;
			buildPhases = (
				EFA8BB94213BC3E400ED6B59 /* Sources */,
				EFA8BB95213BC3E400ED6B59 /* Frameworks */,
				EFA8BB96213BC3E400ED6B59 /* Resources */,
			);
			buildRules = (
			);
			dependencies = (
				EFA8BB9A213BC3E400ED6B59 /* PBXTargetDependency */,
			);
			name = "Hi WorldTests";
			productName = "Hi WorldTests";
			productReference = EFA8BB98213BC3E400ED6B59 /* Hi WorldTests.xctest */;
			productType = "com.apple.product-type.bundle.unit-test";
		};
		EFA8BBA2213BC3E400ED6B59 /* Hi WorldUITests */ = {
			isa = PBXNativeTarget;
			buildConfigurationList = EFA8BBB2213BC3E400ED6B59 /* Build configuration list for PBXNativeTarget "Hi WorldUITests" */;
			buildPhases = (
				EFA8BB9F213BC3E400ED6B59 /* Sources */,
				EFA8BBA0213BC3E400ED6B59 /* Frameworks */,
				EFA8BBA1213BC3E400ED6B59 /* Resources */,
			);
			buildRules = (
			);
			dependencies = (
				EFA8BBA5213BC3E400ED6B59 /* PBXTargetDependency */,
			);
			name = "Hi WorldUITests";
			productName = "Hi WorldUITests";
			productReference = EFA8BBA3213BC3E400ED6B59 /* Hi WorldUITests.xctest */;
			productType = "com.apple.product-type.bundle.ui-testing";
		};
/* End PBXNativeTarget section */

/* Begin PBXProject section */
		EFA8BB7C213BC3E200ED6B59 /* Project object */ = {
			isa = PBXProject;
			attributes = {
				LastSwiftUpdateCheck = 0940;
				LastUpgradeCheck = 0940;
				ORGANIZATIONNAME = "tatsuo sugimoto";
				TargetAttributes = {
					EFA8BB83213BC3E200ED6B59 = {
						CreatedOnToolsVersion = 9.4.1;
					};
					EFA8BB97213BC3E400ED6B59 = {
						CreatedOnToolsVersion = 9.4.1;
						TestTargetID = EFA8BB83213BC3E200ED6B59;
					};
					EFA8BBA2213BC3E400ED6B59 = {
						CreatedOnToolsVersion = 9.4.1;
						TestTargetID = EFA8BB83213BC3E200ED6B59;
					};
				};
			};
			buildConfigurationList = EFA8BB7F213BC3E200ED6B59 /* Build configuration list for PBXProject "Hi World" */;
			compatibilityVersion = "Xcode 9.3";
			developmentRegion = en;
			hasScannedForEncodings = 0;
			knownRegions = (
				en,
				Base,
			);
			mainGroup = EFA8BB7B213BC3E200ED6B59;
			productRefGroup = EFA8BB85213BC3E200ED6B59 /* Products */;
			projectDirPath = "";
			projectRoot = "";
			targets = (
				EFA8BB83213BC3E200ED6B59 /* Hi World */,
				EFA8BB97213BC3E400ED6B59 /* Hi WorldTests */,
				EFA8BBA2213BC3E400ED6B59 /* Hi WorldUITests */,
			);
		};
/* End PBXProject section */

/* Begin PBXResourcesBuildPhase section */
		EFA8BB82213BC3E200ED6B59 /* Resources */ = {
			isa = PBXResourcesBuildPhase;
			buildActionMask = 2147483647;
			files = (
				EFA8BB92213BC3E400ED6B59 /* LaunchScreen.storyboard in Resources */,
				EFA8BB8F213BC3E400ED6B59 /* Assets.xcassets in Resources */,
				EFA8BB8D213BC3E200ED6B59 /* Main.storyboard in Resources */,
			);
			runOnlyForDeploymentPostprocessing = 0;
		};
		EFA8BB96213BC3E400ED6B59 /* Resources */ = {
			isa = PBXResourcesBuildPhase;
			buildActionMask = 2147483647;
			files = (
			);
			runOnlyForDeploymentPostprocessing = 0;
		};
		EFA8BBA1213BC3E400ED6B59 /* Resources */ = {
			isa = PBXResourcesBuildPhase;
			buildActionMask = 2147483647;
			files = (
			);
			runOnlyForDeploymentPostprocessing = 0;
		};
/* End PBXResourcesBuildPhase section */

/* Begin PBXSourcesBuildPhase section */
		EFA8BB80213BC3E200ED6B59 /* Sources */ = {
			isa = PBXSourcesBuildPhase;
			buildActionMask = 2147483647;
			files = (
				EFA8BB8A213BC3E200ED6B59 /* ViewController.swift in Sources */,
				EFA8BB88213BC3E200ED6B59 /* AppDelegate.swift in Sources */,
			);
			runOnlyForDeploymentPostprocessing = 0;
		};
		EFA8BB94213BC3E400ED6B59 /* Sources */ = {
			isa = PBXSourcesBuildPhase;
			buildActionMask = 2147483647;
			files = (
				EFA8BB9D213BC3E400ED6B59 /* Hi_WorldTests.swift in Sources */,
			);
			runOnlyForDeploymentPostprocessing = 0;
		};
		EFA8BB9F213BC3E400ED6B59 /* Sources */ = {
			isa = PBXSourcesBuildPhase;
			buildActionMask = 2147483647;
			files = (
				EFA8BBA8213BC3E400ED6B59 /* Hi_WorldUITests.swift in Sources */,
			);
			runOnlyForDeploymentPostprocessing = 0;
		};
/* End PBXSourcesBuildPhase section */

/* Begin PBXTargetDependency section */
		EFA8BB9A213BC3E400ED6B59 /* PBXTargetDependency */ = {
			isa = PBXTargetDependency;
			target = EFA8BB83213BC3E200ED6B59 /* Hi World */;
			targetProxy = EFA8BB99213BC3E400ED6B59 /* PBXContainerItemProxy */;
		};
		EFA8BBA5213BC3E400ED6B59 /* PBXTargetDependency */ = {
			isa = PBXTargetDependency;
			target = EFA8BB83213BC3E200ED6B59 /* Hi World */;
			targetProxy = EFA8BBA4213BC3E400ED6B59 /* PBXContainerItemProxy */;
		};
/* End PBXTargetDependency section */

/* Begin PBXVariantGroup section */
		EFA8BB8B213BC3E200ED6B59 /* Main.storyboard */ = {
			isa = PBXVariantGroup;
			children = (
				EFA8BB8C213BC3E200ED6B59 /* Base */,
			);
			name = Main.storyboard;
			sourceTree = "<group>";
		};
		EFA8BB90213BC3E400ED6B59 /* LaunchScreen.storyboard */ = {
			isa = PBXVariantGroup;
			children = (
				EFA8BB91213BC3E400ED6B59 /* Base */,
			);
			name = LaunchScreen.storyboard;
			sourceTree = "<group>";
		};
/* End PBXVariantGroup section */

/* Begin XCBuildConfiguration section */
		EFA8BBAA213BC3E400ED6B59 /* Debug */ = {
			isa = XCBuildConfiguration;
			buildSettings = {
				ALWAYS_SEARCH_USER_PATHS = NO;
				CLANG_ANALYZER_NONNULL = YES;
				CLANG_ANALYZER_NUMBER_OBJECT_CONVERSION = YES_AGGRESSIVE;
				CLANG_CXX_LANGUAGE_STANDARD = "gnu++14";
				CLANG_CXX_LIBRARY = "libc++";
				CLANG_ENABLE_MODULES = YES;
				CLANG_ENABLE_OBJC_ARC = YES;
				CLANG_ENABLE_OBJC_WEAK = YES;
				CLANG_WARN_BLOCK_CAPTURE_AUTORELEASING = YES;
				CLANG_WARN_BOOL_CONVERSION = YES;
				CLANG_WARN_COMMA = YES;
				CLANG_WARN_CONSTANT_CONVERSION = YES;
				CLANG_WARN_DEPRECATED_OBJC_IMPLEMENTATIONS = YES;
				CLANG_WARN_DIRECT_OBJC_ISA_USAGE = YES_ERROR;
				CLANG_WARN_DOCUMENTATION_COMMENTS = YES;
				CLANG_WARN_EMPTY_BODY = YES;
				CLANG_WARN_ENUM_CONVERSION = YES;
				CLANG_WARN_INFINITE_RECURSION = YES;
				CLANG_WARN_INT_CONVERSION = YES;
				CLANG_WARN_NON_LITERAL_NULL_CONVERSION = YES;
				CLANG_WARN_OBJC_IMPLICIT_RETAIN_SELF = YES;
				CLANG_WARN_OBJC_LITERAL_CONVERSION = YES;
				CLANG_WARN_OBJC_ROOT_CLASS = YES_ERROR;
				CLANG_WARN_RANGE_LOOP_ANALYSIS = YES;
				CLANG_WARN_STRICT_PROTOTYPES = YES;
				CLANG_WARN_SUSPICIOUS_MOVE = YES;
				CLANG_WARN_UNGUARDED_AVAILABILITY = YES_AGGRESSIVE;
				CLANG_WARN_UNREACHABLE_CODE = YES;
				CLANG_WARN__DUPLICATE_METHOD_MATCH = YES;
				CODE_SIGN_IDENTITY = "iPhone Developer";
				COPY_PHASE_STRIP = NO;
				DEBUG_INFORMATION_FORMAT = dwarf;
				ENABLE_STRICT_OBJC_MSGSEND = YES;
				ENABLE_TESTABILITY = YES;
				GCC_C_LANGUAGE_STANDARD = gnu11;
				GCC_DYNAMIC_NO_PIC = NO;
				GCC_NO_COMMON_BLOCKS = YES;
				GCC_OPTIMIZATION_LEVEL = 0;
				GCC_PREPROCESSOR_DEFINITIONS = (
					"DEBUG=1",
					"$(inherited)",
				);
				GCC_WARN_64_TO_32_BIT_CONVERSION = YES;
				GCC_WARN_ABOUT_RETURN_TYPE = YES_ERROR;
				GCC_WARN_UNDECLARED_SELECTOR = YES;
				GCC_WARN_UNINITIALIZED_AUTOS = YES_AGGRESSIVE;
				GCC_WARN_UNUSED_FUNCTION = YES;
				GCC_WARN_UNUSED_VARIABLE = YES;
				IPHONEOS_DEPLOYMENT_TARGET = 11.4;
				MTL_ENABLE_DEBUG_INFO = YES;
				ONLY_ACTIVE_ARCH = YES;
				SDKROOT = iphoneos;
				SWIFT_ACTIVE_COMPILATION_CONDITIONS = DEBUG;
				SWIFT_OPTIMIZATION_LEVEL = "-Onone";
			};
			name = Debug;
		};
		EFA8BBAB213BC3E400ED6B59 /* Release */ = {
			isa = XCBuildConfiguration;
			buildSettings = {
				ALWAYS_SEARCH_USER_PATHS = NO;
				CLANG_ANALYZER_NONNULL = YES;
				CLANG_ANALYZER_NUMBER_OBJECT_CONVERSION = YES_AGGRESSIVE;
				CLANG_CXX_LANGUAGE_STANDARD = "gnu++14";
				CLANG_CXX_LIBRARY = "libc++";
				CLANG_ENABLE_MODULES = YES;
				CLANG_ENABLE_OBJC_ARC = YES;
				CLANG_ENABLE_OBJC_WEAK = YES;
				CLANG_WARN_BLOCK_CAPTURE_AUTORELEASING = YES;
				CLANG_WARN_BOOL_CONVERSION = YES;
				CLANG_WARN_COMMA = YES;
				CLANG_WARN_CONSTANT_CONVERSION = YES;
				CLANG_WARN_DEPRECATED_OBJC_IMPLEMENTATIONS = YES;
				CLANG_WARN_DIRECT_OBJC_ISA_USAGE = YES_ERROR;
				CLANG_WARN_DOCUMENTATION_COMMENTS = YES;
				CLANG_WARN_EMPTY_BODY = YES;
				CLANG_WARN_ENUM_CONVERSION = YES;
				CLANG_WARN_INFINITE_RECURSION = YES;
				CLANG_WARN_INT_CONVERSION = YES;
				CLANG_WARN_NON_LITERAL_NULL_CONVERSION = YES;
				CLANG_WARN_OBJC_IMPLICIT_RETAIN_SELF = YES;
				CLANG_WARN_OBJC_LITERAL_CONVERSION = YES;
				CLANG_WARN_OBJC_ROOT_CLASS = YES_ERROR;
				CLANG_WARN_RANGE_LOOP_ANALYSIS = YES;
				CLANG_WARN_STRICT_PROTOTYPES = YES;
				CLANG_WARN_SUSPICIOUS_MOVE = YES;
				CLANG_WARN_UNGUARDED_AVAILABILITY = YES_AGGRESSIVE;
				CLANG_WARN_UNREACHABLE_CODE = YES;
				CLANG_WARN__DUPLICATE_METHOD_MATCH = YES;
				CODE_SIGN_IDENTITY = "iPhone Developer";
				COPY_PHASE_STRIP = NO;
				DEBUG_INFORMATION_FORMAT = "dwarf-with-dsym";
				ENABLE_NS_ASSERTIONS = NO;
				ENABLE_STRICT_OBJC_MSGSEND = YES;
				GCC_C_LANGUAGE_STANDARD = gnu11;
				GCC_NO_COMMON_BLOCKS = YES;
				GCC_WARN_64_TO_32_BIT_CONVERSION = YES;
				GCC_WARN_ABOUT_RETURN_TYPE = YES_ERROR;
				GCC_WARN_UNDECLARED_SELECTOR = YES;
				GCC_WARN_UNINITIALIZED_AUTOS = YES_AGGRESSIVE;
				GCC_WARN_UNUSED_FUNCTION = YES;
				GCC_WARN_UNUSED_VARIABLE = YES;
				IPHONEOS_DEPLOYMENT_TARGET = 11.4;
				MTL_ENABLE_DEBUG_INFO = NO;
				SDKROOT = iphoneos;
				SWIFT_COMPILATION_MODE = wholemodule;
				SWIFT_OPTIMIZATION_LEVEL = "-O";
				VALIDATE_PRODUCT = YES;
			};
			name = Release;
		};
		EFA8BBAD213BC3E400ED6B59 /* Debug */ = {
			isa = XCBuildConfiguration;
			buildSettings = {
				ASSETCATALOG_COMPILER_APPICON_NAME = AppIcon;
				CODE_SIGN_IDENTITY = "iPhone Developer";
				CODE_SIGN_STYLE = Automatic;
				DEVELOPMENT_TEAM = "";
				INFOPLIST_FILE = "Hi World/Info.plist";
				LD_RUNPATH_SEARCH_PATHS = (
					"$(inherited)",
					"@executable_path/Frameworks",
				);
				PRODUCT_BUNDLE_IDENTIFIER = "jp.techacademy.tatsuo.sugimoto.Hi-World";
				PRODUCT_NAME = "$(TARGET_NAME)";
				PROVISIONING_PROFILE_SPECIFIER = "";
				SWIFT_VERSION = 4.0;
				TARGETED_DEVICE_FAMILY = "1,2";
			};
			name = Debug;
		};
		EFA8BBAE213BC3E400ED6B59 /* Release */ = {
			isa = XCBuildConfiguration;
			buildSettings = {
				ASSETCATALOG_COMPILER_APPICON_NAME = AppIcon;
				CODE_SIGN_IDENTITY = "iPhone Developer";
				CODE_SIGN_STYLE = Automatic;
				DEVELOPMENT_TEAM = "";
				INFOPLIST_FILE = "Hi World/Info.plist";
				LD_RUNPATH_SEARCH_PATHS = (
					"$(inherited)",
					"@executable_path/Frameworks",
				);
				PRODUCT_BUNDLE_IDENTIFIER = "jp.techacademy.tatsuo.sugimoto.Hi-World";
				PRODUCT_NAME = "$(TARGET_NAME)";
				PROVISIONING_PROFILE_SPECIFIER = "";
				SWIFT_VERSION = 4.0;
				TARGETED_DEVICE_FAMILY = "1,2";
			};
			name = Release;
		};
		EFA8BBB0213BC3E400ED6B59 /* Debug */ = {
			isa = XCBuildConfiguration;
			buildSettings = {
				ALWAYS_EMBED_SWIFT_STANDARD_LIBRARIES = YES;
				BUNDLE_LOADER = "$(TEST_HOST)";
				CODE_SIGN_STYLE = Automatic;
				INFOPLIST_FILE = "Hi WorldTests/Info.plist";
				LD_RUNPATH_SEARCH_PATHS = (
					"$(inherited)",
					"@executable_path/Frameworks",
					"@loader_path/Frameworks",
				);
				PRODUCT_BUNDLE_IDENTIFIER = "jp.techacademy.tatsuo.sugimoto.Hi-WorldTests";
				PRODUCT_NAME = "$(TARGET_NAME)";
				SWIFT_VERSION = 4.0;
				TARGETED_DEVICE_FAMILY = "1,2";
				TEST_HOST = "$(BUILT_PRODUCTS_DIR)/Hi World.app/Hi World";
			};
			name = Debug;
		};
		EFA8BBB1213BC3E400ED6B59 /* Release */ = {
			isa = XCBuildConfiguration;
			buildSettings = {
				ALWAYS_EMBED_SWIFT_STANDARD_LIBRARIES = YES;
				BUNDLE_LOADER = "$(TEST_HOST)";
				CODE_SIGN_STYLE = Automatic;
				INFOPLIST_FILE = "Hi WorldTests/Info.plist";
				LD_RUNPATH_SEARCH_PATHS = (
					"$(inherited)",
					"@executable_path/Frameworks",
					"@loader_path/Frameworks",
				);
				PRODUCT_BUNDLE_IDENTIFIER = "jp.techacademy.tatsuo.sugimoto.Hi-WorldTests";
				PRODUCT_NAME = "$(TARGET_NAME)";
				SWIFT_VERSION = 4.0;
				TARGETED_DEVICE_FAMILY = "1,2";
				TEST_HOST = "$(BUILT_PRODUCTS_DIR)/Hi World.app/Hi World";
			};
			name = Release;
		};
		EFA8BBB3213BC3E400ED6B59 /* Debug */ = {
			isa = XCBuildConfiguration;
			buildSettings = {
				ALWAYS_EMBED_SWIFT_STANDARD_LIBRARIES = YES;
				CODE_SIGN_STYLE = Automatic;
				INFOPLIST_FILE = "Hi WorldUITests/Info.plist";
				LD_RUNPATH_SEARCH_PATHS = (
					"$(inherited)",
					"@executable_path/Frameworks",
					"@loader_path/Frameworks",
				);
				PRODUCT_BUNDLE_IDENTIFIER = "jp.techacademy.tatsuo.sugimoto.Hi-WorldUITests";
				PRODUCT_NAME = "$(TARGET_NAME)";
				SWIFT_VERSION = 4.0;
				TARGETED_DEVICE_FAMILY = "1,2";
				TEST_TARGET_NAME = "Hi World";
			};
			name = Debug;
		};
		EFA8BBB4213BC3E400ED6B59 /* Release */ = {
			isa = XCBuildConfiguration;
			buildSettings = {
				ALWAYS_EMBED_SWIFT_STANDARD_LIBRARIES = YES;
				CODE_SIGN_STYLE = Automatic;
				INFOPLIST_FILE = "Hi WorldUITests/Info.plist";
				LD_RUNPATH_SEARCH_PATHS = (
					"$(inherited)",
					"@executable_path/Frameworks",
					"@loader_path/Frameworks",
				);
				PRODUCT_BUNDLE_IDENTIFIER = "jp.techacademy.tatsuo.sugimoto.Hi-WorldUITests";
				PRODUCT_NAME = "$(TARGET_NAME)";
				SWIFT_VERSION = 4.0;
				TARGETED_DEVICE_FAMILY = "1,2";
				TEST_TARGET_NAME = "Hi World";
			};
			name = Release;
		};
/* End XCBuildConfiguration section */

/* Begin XCConfigurationList section */
		EFA8BB7F213BC3E200ED6B59 /* Build configuration list for PBXProject "Hi World" */ = {
			isa = XCConfigurationList;
			buildConfigurations = (
				EFA8BBAA213BC3E400ED6B59 /* Debug */,
				EFA8BBAB213BC3E400ED6B59 /* Release */,
			);
			defaultConfigurationIsVisible = 0;
			defaultConfigurationName = Release;
		};
		EFA8BBAC213BC3E400ED6B59 /* Build configuration list for PBXNativeTarget "Hi World" */ = {
			isa = XCConfigurationList;
			buildConfigurations = (
				EFA8BBAD213BC3E400ED6B59 /* Debug */,
				EFA8BBAE213BC3E400ED6B59 /* Release */,
			);
			defaultConfigurationIsVisible = 0;
			defaultConfigurationName = Release;
		};
		EFA8BBAF213BC3E400ED6B59 /* Build configuration list for PBXNativeTarget "Hi WorldTests" */ = {
			isa = XCConfigurationList;
			buildConfigurations = (
				EFA8BBB0213BC3E400ED6B59 /* Debug */,
				EFA8BBB1213BC3E400ED6B59 /* Release */,
			);
			defaultConfigurationIsVisible = 0;
			defaultConfigurationName = Release;
		};
		EFA8BBB2213BC3E400ED6B59 /* Build configuration list for PBXNativeTarget "Hi WorldUITests" */ = {
			isa = XCConfigurationList;
			buildConfigurations = (
				EFA8BBB3213BC3E400ED6B59 /* Debug */,
				EFA8BBB4213BC3E400ED6B59 /* Release */,
			);
			defaultConfigurationIsVisible = 0;
			defaultConfigurationName = Release;
		};
/* End XCConfigurationList section */
	};
	rootObject = EFA8BB7C213BC3E200ED6B59 /* Project object */;
}
